<?xml version="1.0" encoding="utf-8"?>
<Project ToolsVersion="4.0" xmlns="http://schemas.microsoft.com/developer/msbuild/2003">
  <ItemGroup>
    <Filter Include="Source Files">
      <UniqueIdentifier>{4FC737F1-C7A5-4376-A066-2A32D752A2FF}</UniqueIdentifier>
      <Extensions>cpp;c;cc;cxx;def;odl;idl;hpj;bat;asm;asmx</Extensions>
    </Filter>
    <Filter Include="Header Files">
      <UniqueIdentifier>{93995380-89BD-4b04-88EB-625FBE52EBFB}</UniqueIdentifier>
      <Extensions>h;hh;hpp;hxx;hm;inl;inc;xsd</Extensions>
    </Filter>
    <Filter Include="Resource Files">
      <UniqueIdentifier>{67DA6AB6-F800-4c08-8B7A-83BB121AAD01}</UniqueIdentifier>
      <Extensions>rc;ico;cur;bmp;dlg;rc2;rct;bin;rgs;gif;jpg;jpeg;jpe;resx;tiff;tif;png;wav;mfcribbon-ms</Extensions>
    </Filter>
  </ItemGroup>
  <ItemGroup>
    <ClCompile Include="main.cpp">
      <Filter>Source Files</Filter>
    </ClCompile>
    <ClCompile Include="Problema_Vigas.cpp">
      <Filter>Source Files</Filter>
    </ClCompile>
    <ClCompile Include="Padrao.cpp">
      <Filter>Source Files</Filter>
    </ClCompile>
    <ClCompile Include="Tipo_Viga.cpp">
      <Filter>Source Files</Filter>
    </ClCompile>
    <ClCompile Include="OPERACAO.cpp">
      <Filter>Source Files</Filter>
    </ClCompile>
  </ItemGroup>
  <ItemGroup>
    <ClInclude Include="Problema_Vigas.h">
      <Filter>Header Files</Filter>
    </ClInclude>
    <ClInclude Include="Padrao.h">
      <Filter>Header Files</Filter>
    </ClInclude>
    <ClInclude Include="Tipo_Viga.h">
      <Filter>Header Files</Filter>
    </ClInclude>
    <ClInclude Include="OPERACAO.h">
      <Filter>Header Files</Filter>
    </ClInclude>
  </ItemGroup>
  <ItemGroup>
    <None Include="hbp1_15_1" />
    <None Include="..\x64\Debug\testes.bat">
      <Filter>Resource Files</Filter>
    </None>
    <None Include="..\x64\Debug\hbp4_30_5.pat">
      <Filter>Resource Files</Filter>
    </None>
    <None Include="..\x64\Debug\hbp4_30_5">
      <Filter>Resource Files</Filter>
    </None>
    <None Include="..\x64\Debug\hbp4_30_4.pat">
      <Filter>Resource Files</Filter>
    </None>
    <None Include="..\x64\Debug\hbp4_30_4">
      <Filter>Resource Files</Filter>
    </None>
    <None Include="..\x64\Debug\hbp4_30_3.pat">
      <Filter>Resource Files</Filter>
    </None>
    <None Include="..\x64\Debug\hbp4_30_3">
      <Filter>Resource Files</Filter>
    </None>
    <None Include="..\x64\Debug\hbp4_30_2.pat">
      <Filter>Resource Files</Filter>
    </None>
    <None Include="..\x64\Debug\hbp4_30_2">
      <Filter>Resource Files</Filter>
    </None>
    <None Include="..\x64\Debug\hbp4_30_1.pat">
      <Filter>Resource Files</Filter>
    </None>
    <None Include="..\x64\Debug\hbp4_30_1">
      <Filter>Resource Files</Filter>
    </None>
    <None Include="..\x64\Debug\hbp4_15_5.pat">
      <Filter>Resource Files</Filter>
    </None>
    <None Include="..\x64\Debug\hbp4_15_5">
      <Filter>Resource Files</Filter>
    </None>
    <None Include="..\x64\Debug\hbp4_15_4.pat">
      <Filter>Resource Files</Filter>
    </None>
    <None Include="..\x64\Debug\hbp4_15_4">
      <Filter>Resource Files</Filter>
    </None>
    <None Include="..\x64\Debug\hbp4_15_3.pat">
      <Filter>Resource Files</Filter>
    </None>
    <None Include="..\x64\Debug\hbp4_15_3">
      <Filter>Resource Files</Filter>
    </None>
    <None Include="..\x64\Debug\hbp4_15_2.pat">
      <Filter>Resource Files</Filter>
    </None>
    <None Include="..\x64\Debug\hbp4_15_2">
      <Filter>Resource Files</Filter>
    </None>
    <None Include="..\x64\Debug\hbp4_15_1.pat">
      <Filter>Resource Files</Filter>
    </None>
    <None Include="..\x64\Debug\hbp4_15_1">
      <Filter>Resource Files</Filter>
    </None>
    <None Include="..\x64\Debug\hbp3_30_5.pat">
      <Filter>Resource Files</Filter>
    </None>
    <None Include="..\x64\Debug\hbp3_30_5">
      <Filter>Resource Files</Filter>
    </None>
    <None Include="..\x64\Debug\hbp3_30_4.pat">
      <Filter>Resource Files</Filter>
    </None>
    <None Include="..\x64\Debug\hbp3_30_4">
      <Filter>Resource Files</Filter>
    </None>
    <None Include="..\x64\Debug\hbp3_30_3.pat">
      <Filter>Resource Files</Filter>
    </None>
    <None Include="..\x64\Debug\hbp3_30_3">
      <Filter>Resource Files</Filter>
    </None>
    <None Include="..\x64\Debug\hbp3_30_2.pat">
      <Filter>Resource Files</Filter>
    </None>
    <None Include="..\x64\Debug\hbp3_30_2">
      <Filter>Resource Files</Filter>
    </None>
    <None Include="..\x64\Debug\hbp3_30_1.pat">
      <Filter>Resource Files</Filter>
    </None>
    <None Include="..\x64\Debug\hbp3_30_1">
      <Filter>Resource Files</Filter>
    </None>
    <None Include="..\x64\Debug\hbp3_15_5.pat">
      <Filter>Resource Files</Filter>
    </None>
    <None Include="..\x64\Debug\hbp3_15_5">
      <Filter>Resource Files</Filter>
    </None>
    <None Include="..\x64\Debug\hbp3_15_4.pat">
      <Filter>Resource Files</Filter>
    </None>
    <None Include="..\x64\Debug\hbp3_15_4">
      <Filter>Resource Files</Filter>
    </None>
    <None Include="..\x64\Debug\hbp3_15_3.solu">
      <Filter>Resource Files</Filter>
    </None>
    <None Include="..\x64\Debug\hbp3_15_3.pat">
      <Filter>Resource Files</Filter>
    </None>
    <None Include="..\x64\Debug\hbp3_15_3">
      <Filter>Resource Files</Filter>
    </None>
    <None Include="..\x64\Debug\hbp3_15_2.solu">
      <Filter>Resource Files</Filter>
    </None>
    <None Include="..\x64\Debug\hbp3_15_2.pat">
      <Filter>Resource Files</Filter>
    </None>
    <None Include="..\x64\Debug\hbp3_15_2">
      <Filter>Resource Files</Filter>
    </None>
    <None Include="..\x64\Debug\hbp3_15_1.solu">
      <Filter>Resource Files</Filter>
    </None>
    <None Include="..\x64\Debug\hbp3_15_1.pat">
      <Filter>Resource Files</Filter>
    </None>
    <None Include="..\x64\Debug\hbp3_15_1">
      <Filter>Resource Files</Filter>
    </None>
    <None Include="..\x64\Debug\hbp2_30_5.solu">
      <Filter>Resource Files</Filter>
    </None>
    <None Include="..\x64\Debug\hbp2_30_5.pat">
      <Filter>Resource Files</Filter>
    </None>
    <None Include="..\x64\Debug\hbp2_30_5">
      <Filter>Resource Files</Filter>
    </None>
    <None Include="..\x64\Debug\hbp2_30_4.solu">
      <Filter>Resource Files</Filter>
    </None>
    <None Include="..\x64\Debug\hbp2_30_4.pat">
      <Filter>Resource Files</Filter>
    </None>
    <None Include="..\x64\Debug\hbp2_30_4">
      <Filter>Resource Files</Filter>
    </None>
    <None Include="..\x64\Debug\hbp2_30_3.solu">
      <Filter>Resource Files</Filter>
    </None>
    <None Include="..\x64\Debug\hbp2_30_3.pat">
      <Filter>Resource Files</Filter>
    </None>
    <None Include="..\x64\Debug\hbp2_30_3">
      <Filter>Resource Files</Filter>
    </None>
    <None Include="..\x64\Debug\hbp2_30_2.solu">
      <Filter>Resource Files</Filter>
    </None>
    <None Include="..\x64\Debug\hbp2_30_2.pat">
      <Filter>Resource Files</Filter>
    </None>
    <None Include="..\x64\Debug\hbp2_30_2">
      <Filter>Resource Files</Filter>
    </None>
    <None Include="..\x64\Debug\hbp2_30_1.solu">
      <Filter>Resource Files</Filter>
    </None>
    <None Include="..\x64\Debug\hbp2_30_1.pat">
      <Filter>Resource Files</Filter>
    </None>
    <None Include="..\x64\Debug\hbp2_30_1">
      <Filter>Resource Files</Filter>
    </None>
    <None Include="..\x64\Debug\hbp2_15_5.solu">
      <Filter>Resource Files</Filter>
    </None>
    <None Include="..\x64\Debug\hbp2_15_5.pat">
      <Filter>Resource Files</Filter>
    </None>
    <None Include="..\x64\Debug\hbp2_15_5">
      <Filter>Resource Files</Filter>
    </None>
    <None Include="..\x64\Debug\hbp2_15_4.solu">
      <Filter>Resource Files</Filter>
    </None>
    <None Include="..\x64\Debug\hbp2_15_4.pat">
      <Filter>Resource Files</Filter>
    </None>
    <None Include="..\x64\Debug\hbp2_15_4">
      <Filter>Resource Files</Filter>
    </None>
    <None Include="..\x64\Debug\hbp2_15_3.solu">
      <Filter>Resource Files</Filter>
    </None>
    <None Include="..\x64\Debug\hbp2_15_3.pat">
      <Filter>Resource Files</Filter>
    </None>
    <None Include="..\x64\Debug\hbp2_15_3">
      <Filter>Resource Files</Filter>
    </None>
    <None Include="..\x64\Debug\hbp2_15_2.solu">
      <Filter>Resource Files</Filter>
    </None>
    <None Include="..\x64\Debug\hbp2_15_2.pat">
      <Filter>Resource Files</Filter>
    </None>
    <None Include="..\x64\Debug\hbp2_15_2">
      <Filter>Resource Files</Filter>
    </None>
    <None Include="..\x64\Debug\hbp2_15_1.solu">
      <Filter>Resource Files</Filter>
    </None>
    <None Include="..\x64\Debug\hbp2_15_1.pat">
      <Filter>Resource Files</Filter>
    </None>
    <None Include="..\x64\Debug\hbp2_15_1">
      <Filter>Resource Files</Filter>
    </None>
    <None Include="..\x64\Debug\hbp1_30_5.solu">
      <Filter>Resource Files</Filter>
    </None>
    <None Include="..\x64\Debug\hbp1_30_5.pat">
      <Filter>Resource Files</Filter>
    </None>
    <None Include="..\x64\Debug\hbp1_30_5">
      <Filter>Resource Files</Filter>
    </None>
    <None Include="..\x64\Debug\hbp1_30_4.solu">
      <Filter>Resource Files</Filter>
    </None>
    <None Include="..\x64\Debug\hbp1_30_4.pat">
      <Filter>Resource Files</Filter>
    </None>
    <None Include="..\x64\Debug\hbp1_30_4">
      <Filter>Resource Files</Filter>
    </None>
    <None Include="..\x64\Debug\hbp1_30_3.solu">
      <Filter>Resource Files</Filter>
    </None>
    <None Include="..\x64\Debug\hbp1_30_3.pat">
      <Filter>Resource Files</Filter>
    </None>
    <None Include="..\x64\Debug\hbp1_30_3">
      <Filter>Resource Files</Filter>
    </None>
    <None Include="..\x64\Debug\hbp1_30_2.solu">
      <Filter>Resource Files</Filter>
    </None>
    <None Include="..\x64\Debug\hbp1_30_2.pat">
      <Filter>Resource Files</Filter>
    </None>
    <None Include="..\x64\Debug\hbp1_30_2">
      <Filter>Resource Files</Filter>
    </None>
    <None Include="..\x64\Debug\hbp1_30_1.solu">
      <Filter>Resource Files</Filter>
    </None>
    <None Include="..\x64\Debug\hbp1_30_1.pat">
      <Filter>Resource Files</Filter>
    </None>
    <None Include="..\x64\Debug\hbp1_30_1">
      <Filter>Resource Files</Filter>
    </None>
    <None Include="..\x64\Debug\hbp1_15_5.solu">
      <Filter>Resource Files</Filter>
    </None>
    <None Include="..\x64\Debug\hbp1_15_5.pat">
      <Filter>Resource Files</Filter>
    </None>
    <None Include="..\x64\Debug\hbp1_15_5">
      <Filter>Resource Files</Filter>
    </None>
    <None Include="..\x64\Debug\hbp1_15_4.solu">
      <Filter>Resource Files</Filter>
    </None>
    <None Include="..\x64\Debug\hbp1_15_4.pat">
      <Filter>Resource Files</Filter>
    </None>
    <None Include="..\x64\Debug\hbp1_15_4">
      <Filter>Resource Files</Filter>
    </None>
    <None Include="..\x64\Debug\hbp1_15_3.solu">
      <Filter>Resource Files</Filter>
    </None>
    <None Include="..\x64\Debug\hbp1_15_3.pat">
      <Filter>Resource Files</Filter>
    </None>
    <None Include="..\x64\Debug\hbp1_15_3">
      <Filter>Resource Files</Filter>
    </None>
    <None Include="..\x64\Debug\hbp1_15_2.solu">
      <Filter>Resource Files</Filter>
    </None>
    <None Include="..\x64\Debug\hbp1_15_2.pat">
      <Filter>Resource Files</Filter>
    </None>
    <None Include="..\x64\Debug\hbp1_15_2">
      <Filter>Resource Files</Filter>
    </None>
    <None Include="..\x64\Debug\hbp1_15_1.solu">
      <Filter>Resource Files</Filter>
    </None>
    <None Include="..\x64\Debug\hbp1_15_1.pat">
      <Filter>Resource Files</Filter>
    </None>
    <None Include="..\x64\Debug\hbp1_15_1">
      <Filter>Resource Files</Filter>
    </None>
  </ItemGroup>
  <ItemGroup>
    <Text Include="resultados.txt" />
    <Text Include="..\x64\Debug\resultados.txt">
      <Filter>Resource Files</Filter>
    </Text>
  </ItemGroup>
</Project>